Microsoft Visual Studio Solution File, Format Version 12.00
# Visual Studio Version 17
VisualStudioVersion = 17.2.32526.322
MinimumVisualStudioVersion = 10.0.40219.1
Project("{9A19103F-16F7-4668-BE54-9A1E7A4F7556}") = "TicTacToeStateCounter", "TicTacToeStateCounter\TicTacToeStateCounter.csproj", "{47FE8E0B-956F-4F5A-B5AB-83DC2B97D0F4}"
EndProject
Project("{FAE04EC0-301F-11D3-BF4B-00C04F79EFBC}") = "TicTacToeCounterTests", "TicTacToeCounterTests\TicTacToeCounterTests.csproj", "{5A8F1F21-FCC5-4785-94B7-50E58F05E163}"
EndProject
Project("{2150E333-8FDC-42A3-9474-1A3956D46DE8}") = "Solution Items", "Solution Items", "{8B57B7F5-BFDB-4631-A27A-6E715F110566}"
	ProjectSection(SolutionItems) = preProject
		README.md = README.md
	EndProjectSection
EndProject
Global
	GlobalSection(SolutionConfigurationPlatforms) = preSolution
		Debug|Any CPU = Debug|Any CPU
		Release|Any CPU = Release|Any CPU
	EndGlobalSection
	GlobalSection(ProjectConfigurationPlatforms) = postSolution
		{47FE8E0B-956F-4F5A-B5AB-83DC2B97D0F4}.Debug|Any CPU.ActiveCfg = Debug|Any CPU
		{47FE8E0B-956F-4F5A-B5AB-83DC2B97D0F4}.Debug|Any CPU.Build.0 = Debug|Any CPU
		{47FE8E0B-956F-4F5A-B5AB-83DC2B97D0F4}.Release|Any CPU.ActiveCfg = Release|Any CPU
		{47FE8E0B-956F-4F5A-B5AB-83DC2B97D0F4}.Release|Any CPU.Build.0 = Release|Any CPU
		{5A8F1F21-FCC5-4785-94B7-50E58F05E163}.Debug|Any CPU.ActiveCfg = Debug|Any CPU
		{5A8F1F21-FCC5-4785-94B7-50E58F05E163}.Debug|Any CPU.Build.0 = Debug|Any CPU
		{5A8F1F21-FCC5-4785-94B7-50E58F05E163}.Release|Any CPU.ActiveCfg = Release|Any CPU
		{5A8F1F21-FCC5-4785-94B7-50E58F05E163}.Release|Any CPU.Build.0 = Release|Any CPU
	EndGlobalSection
	GlobalSection(SolutionProperties) = preSolution
		HideSolutionNode = FALSE
	EndGlobalSection
	GlobalSection(ExtensibilityGlobals) = postSolution
		SolutionGuid = {8C08654A-F970-42D3-975A-E66552D0809E}
	EndGlobalSection
EndGlobal
